
Microsoft Visual Studio Solution File, Format Version 12.00
# Visual Studio Version 16
VisualStudioVersion = 16.0.31624.102
MinimumVisualStudioVersion = 10.0.40219.1
Project("{FAE04EC0-301F-11D3-BF4B-00C04F79EFBC}") = "ConsoleApp1", "ConsoleApp1.csproj", "{8915F008-9C8F-49E2-8A58-EE9CC4CDA6D2}"
EndProject
Global
	GlobalSection(SolutionConfigurationPlatforms) = preSolution
		Debug|Any CPU = Debug|Any CPU
		Release|Any CPU = Release|Any CPU
	EndGlobalSection
	GlobalSection(ProjectConfigurationPlatforms) = postSolution
		{8915F008-9C8F-49E2-8A58-EE9CC4CDA6D2}.Debug|Any CPU.ActiveCfg = Debug|Any CPU
		{8915F008-9C8F-49E2-8A58-EE9CC4CDA6D2}.Debug|Any CPU.Build.0 = Debug|Any CPU
		{8915F008-9C8F-49E2-8A58-EE9CC4CDA6D2}.Release|Any CPU.ActiveCfg = Release|Any CPU
		{8915F008-9C8F-49E2-8A58-EE9CC4CDA6D2}.Release|Any CPU.Build.0 = Release|Any CPU
	EndGlobalSection
	GlobalSection(SolutionProperties) = preSolution
		HideSolutionNode = FALSE
	EndGlobalSection
	GlobalSection(ExtensibilityGlobals) = postSolution
		SolutionGuid = {BF7ECE23-1CBB-43C6-BB90-75A050199559}
	EndGlobalSection
EndGlobal
